
Microsoft Visual Studio Solution File, Format Version 12.00
# Visual Studio Version 17
VisualStudioVersion = 17.1.32210.238
MinimumVisualStudioVersion = 10.0.40219.1
Project("{FAE04EC0-301F-11D3-BF4B-00C04F79EFBC}") = "IndianCensusProgram", "IndianCensusProgram\IndianCensusProgram.csproj", "{0A28C84C-4CA5-4848-9734-684E15923D49}"
EndProject
Project("{FAE04EC0-301F-11D3-BF4B-00C04F79EFBC}") = "UnitTestingForCensus", "UnitTestingForCensus\UnitTestingForCensus.csproj", "{466C1BF5-B8EC-4395-AB9B-CE20F1C1BA00}"
EndProject
Global
	GlobalSection(SolutionConfigurationPlatforms) = preSolution
		Debug|Any CPU = Debug|Any CPU
		Release|Any CPU = Release|Any CPU
	EndGlobalSection
	GlobalSection(ProjectConfigurationPlatforms) = postSolution
		{0A28C84C-4CA5-4848-9734-684E15923D49}.Debug|Any CPU.ActiveCfg = Debug|Any CPU
		{0A28C84C-4CA5-4848-9734-684E15923D49}.Debug|Any CPU.Build.0 = Debug|Any CPU
		{0A28C84C-4CA5-4848-9734-684E15923D49}.Release|Any CPU.ActiveCfg = Release|Any CPU
		{0A28C84C-4CA5-4848-9734-684E15923D49}.Release|Any CPU.Build.0 = Release|Any CPU
		{466C1BF5-B8EC-4395-AB9B-CE20F1C1BA00}.Debug|Any CPU.ActiveCfg = Debug|Any CPU
		{466C1BF5-B8EC-4395-AB9B-CE20F1C1BA00}.Debug|Any CPU.Build.0 = Debug|Any CPU
		{466C1BF5-B8EC-4395-AB9B-CE20F1C1BA00}.Release|Any CPU.ActiveCfg = Release|Any CPU
		{466C1BF5-B8EC-4395-AB9B-CE20F1C1BA00}.Release|Any CPU.Build.0 = Release|Any CPU
	EndGlobalSection
	GlobalSection(SolutionProperties) = preSolution
		HideSolutionNode = FALSE
	EndGlobalSection
	GlobalSection(ExtensibilityGlobals) = postSolution
		SolutionGuid = {194FCFD8-B9C8-4A31-BF04-7ACF314EF396}
	EndGlobalSection
EndGlobal
